
Microsoft Visual Studio Solution File, Format Version 12.00
# Visual Studio 14
VisualStudioVersion = 14.0.22823.1
MinimumVisualStudioVersion = 10.0.40219.1
Project("{FAE04EC0-301F-11D3-BF4B-00C04F79EFBC}") = "LimitedShat", "LimitedShat\LimitedShat.csproj", "{F16FC2F4-A9B1-439E-962B-E56E95CC6516}"
EndProject
Global
	GlobalSection(SolutionConfigurationPlatforms) = preSolution
		Debug|Any CPU = Debug|Any CPU
		Release|Any CPU = Release|Any CPU
	EndGlobalSection
	GlobalSection(ProjectConfigurationPlatforms) = postSolution
		{F16FC2F4-A9B1-439E-962B-E56E95CC6516}.Debug|Any CPU.ActiveCfg = Debug|Any CPU
		{F16FC2F4-A9B1-439E-962B-E56E95CC6516}.Debug|Any CPU.Build.0 = Debug|Any CPU
		{F16FC2F4-A9B1-439E-962B-E56E95CC6516}.Release|Any CPU.ActiveCfg = Release|Any CPU
		{F16FC2F4-A9B1-439E-962B-E56E95CC6516}.Release|Any CPU.Build.0 = Release|Any CPU
	EndGlobalSection
	GlobalSection(SolutionProperties) = preSolution
		HideSolutionNode = FALSE
	EndGlobalSection
EndGlobal
